
Microsoft Visual Studio Solution File, Format Version 12.00
# Visual Studio Version 17
VisualStudioVersion = 17.11.35222.181
MinimumVisualStudioVersion = 10.0.40219.1
Project("{FAE04EC0-301F-11D3-BF4B-00C04F79EFBC}") = "Singleton_Pattern", "Singleton_Pattern\Singleton_Pattern.csproj", "{02FDF662-108B-4B80-95C8-B4517E9D41C9}"
EndProject
Project("{FAE04EC0-301F-11D3-BF4B-00C04F79EFBC}") = "Factory_Pattern", "Factory_Pattern\Factory_Pattern.csproj", "{5773060A-7210-4AF5-AD7B-E8E527433995}"
EndProject
Global
	GlobalSection(SolutionConfigurationPlatforms) = preSolution
		Debug|Any CPU = Debug|Any CPU
		Release|Any CPU = Release|Any CPU
	EndGlobalSection
	GlobalSection(ProjectConfigurationPlatforms) = postSolution
		{02FDF662-108B-4B80-95C8-B4517E9D41C9}.Debug|Any CPU.ActiveCfg = Debug|Any CPU
		{02FDF662-108B-4B80-95C8-B4517E9D41C9}.Debug|Any CPU.Build.0 = Debug|Any CPU
		{02FDF662-108B-4B80-95C8-B4517E9D41C9}.Release|Any CPU.ActiveCfg = Release|Any CPU
		{02FDF662-108B-4B80-95C8-B4517E9D41C9}.Release|Any CPU.Build.0 = Release|Any CPU
		{5773060A-7210-4AF5-AD7B-E8E527433995}.Debug|Any CPU.ActiveCfg = Debug|Any CPU
		{5773060A-7210-4AF5-AD7B-E8E527433995}.Debug|Any CPU.Build.0 = Debug|Any CPU
		{5773060A-7210-4AF5-AD7B-E8E527433995}.Release|Any CPU.ActiveCfg = Release|Any CPU
		{5773060A-7210-4AF5-AD7B-E8E527433995}.Release|Any CPU.Build.0 = Release|Any CPU
	EndGlobalSection
	GlobalSection(SolutionProperties) = preSolution
		HideSolutionNode = FALSE
	EndGlobalSection
	GlobalSection(ExtensibilityGlobals) = postSolution
		SolutionGuid = {B4E12A35-3EFA-4AAC-B68A-1028D8B0D1D9}
	EndGlobalSection
EndGlobal
